
Microsoft Visual Studio Solution File, Format Version 12.00
# Visual Studio Version 16
VisualStudioVersion = 16.0.29123.88
MinimumVisualStudioVersion = 10.0.40219.1
Project("{9A19103F-16F7-4668-BE54-9A1E7A4F7556}") = "Web", "Web.csproj", "{D599F939-D094-4F10-B957-985ECD979039}"
EndProject
Global
	GlobalSection(SolutionConfigurationPlatforms) = preSolution
		Debug|Any CPU = Debug|Any CPU
		Release|Any CPU = Release|Any CPU
	EndGlobalSection
	GlobalSection(ProjectConfigurationPlatforms) = postSolution
		{D599F939-D094-4F10-B957-985ECD979039}.Debug|Any CPU.ActiveCfg = Debug|Any CPU
		{D599F939-D094-4F10-B957-985ECD979039}.Debug|Any CPU.Build.0 = Debug|Any CPU
		{D599F939-D094-4F10-B957-985ECD979039}.Release|Any CPU.ActiveCfg = Release|Any CPU
		{D599F939-D094-4F10-B957-985ECD979039}.Release|Any CPU.Build.0 = Release|Any CPU
	EndGlobalSection
	GlobalSection(SolutionProperties) = preSolution
		HideSolutionNode = FALSE
	EndGlobalSection
	GlobalSection(ExtensibilityGlobals) = postSolution
		SolutionGuid = {93AA30A4-554D-4EDB-985E-462564BEF6AA}
	EndGlobalSection
EndGlobal
